
Microsoft Visual Studio Solution File, Format Version 12.00
# Visual Studio Version 17
VisualStudioVersion = 17.12.35728.132 d17.12
MinimumVisualStudioVersion = 10.0.40219.1
Project("{FAE04EC0-301F-11D3-BF4B-00C04F79EFBC}") = "SmartThings", "SmartThings\SmartThings.csproj", "{DA0E6F07-FD01-4C74-8260-01F0B85418DD}"
EndProject
Project("{FAE04EC0-301F-11D3-BF4B-00C04F79EFBC}") = "Domain", "Domain\Domain.csproj", "{D34BE485-9CC1-49CD-B8E8-EB677A15E7F1}"
EndProject
Project("{FAE04EC0-301F-11D3-BF4B-00C04F79EFBC}") = "Infrastructure", "Infrastructure\Infrastructure.csproj", "{96F23114-9164-4F0D-8559-4BC5D43D666E}"
EndProject
Project("{FAE04EC0-301F-11D3-BF4B-00C04F79EFBC}") = "ApplicationLayer", "ApplicationLayer\ApplicationLayer.csproj", "{64F4A92E-C37A-47C6-8A6C-105A2CDC16C0}"
EndProject
Global
	GlobalSection(SolutionConfigurationPlatforms) = preSolution
		Debug|Any CPU = Debug|Any CPU
		Release|Any CPU = Release|Any CPU
	EndGlobalSection
	GlobalSection(ProjectConfigurationPlatforms) = postSolution
		{DA0E6F07-FD01-4C74-8260-01F0B85418DD}.Debug|Any CPU.ActiveCfg = Debug|Any CPU
		{DA0E6F07-FD01-4C74-8260-01F0B85418DD}.Debug|Any CPU.Build.0 = Debug|Any CPU
		{DA0E6F07-FD01-4C74-8260-01F0B85418DD}.Release|Any CPU.ActiveCfg = Release|Any CPU
		{DA0E6F07-FD01-4C74-8260-01F0B85418DD}.Release|Any CPU.Build.0 = Release|Any CPU
		{D34BE485-9CC1-49CD-B8E8-EB677A15E7F1}.Debug|Any CPU.ActiveCfg = Debug|Any CPU
		{D34BE485-9CC1-49CD-B8E8-EB677A15E7F1}.Debug|Any CPU.Build.0 = Debug|Any CPU
		{D34BE485-9CC1-49CD-B8E8-EB677A15E7F1}.Release|Any CPU.ActiveCfg = Release|Any CPU
		{D34BE485-9CC1-49CD-B8E8-EB677A15E7F1}.Release|Any CPU.Build.0 = Release|Any CPU
		{96F23114-9164-4F0D-8559-4BC5D43D666E}.Debug|Any CPU.ActiveCfg = Debug|Any CPU
		{96F23114-9164-4F0D-8559-4BC5D43D666E}.Debug|Any CPU.Build.0 = Debug|Any CPU
		{96F23114-9164-4F0D-8559-4BC5D43D666E}.Release|Any CPU.ActiveCfg = Release|Any CPU
		{96F23114-9164-4F0D-8559-4BC5D43D666E}.Release|Any CPU.Build.0 = Release|Any CPU
		{64F4A92E-C37A-47C6-8A6C-105A2CDC16C0}.Debug|Any CPU.ActiveCfg = Debug|Any CPU
		{64F4A92E-C37A-47C6-8A6C-105A2CDC16C0}.Debug|Any CPU.Build.0 = Debug|Any CPU
		{64F4A92E-C37A-47C6-8A6C-105A2CDC16C0}.Release|Any CPU.ActiveCfg = Release|Any CPU
		{64F4A92E-C37A-47C6-8A6C-105A2CDC16C0}.Release|Any CPU.Build.0 = Release|Any CPU
	EndGlobalSection
	GlobalSection(SolutionProperties) = preSolution
		HideSolutionNode = FALSE
	EndGlobalSection
EndGlobal
